
Microsoft Visual Studio Solution File, Format Version 12.00
# Visual Studio Version 16
VisualStudioVersion = 16.0.29230.47
MinimumVisualStudioVersion = 10.0.40219.1
Project("{FAE04EC0-301F-11D3-BF4B-00C04F79EFBC}") = "PizzaDeliveryProgram", "facadeProgram\PizzaDeliveryProgram.csproj", "{ED9B4581-2218-4832-9232-B2EB2FAD551D}"
EndProject
Global
	GlobalSection(SolutionConfigurationPlatforms) = preSolution
		Debug|Any CPU = Debug|Any CPU
		Release|Any CPU = Release|Any CPU
	EndGlobalSection
	GlobalSection(ProjectConfigurationPlatforms) = postSolution
		{ED9B4581-2218-4832-9232-B2EB2FAD551D}.Debug|Any CPU.ActiveCfg = Debug|Any CPU
		{ED9B4581-2218-4832-9232-B2EB2FAD551D}.Debug|Any CPU.Build.0 = Debug|Any CPU
		{ED9B4581-2218-4832-9232-B2EB2FAD551D}.Release|Any CPU.ActiveCfg = Release|Any CPU
		{ED9B4581-2218-4832-9232-B2EB2FAD551D}.Release|Any CPU.Build.0 = Release|Any CPU
	EndGlobalSection
	GlobalSection(SolutionProperties) = preSolution
		HideSolutionNode = FALSE
	EndGlobalSection
	GlobalSection(ExtensibilityGlobals) = postSolution
		SolutionGuid = {F472DDE9-0873-42EB-A403-4737EB75C8BB}
	EndGlobalSection
EndGlobal
